{
  "object": {
    "pins": [
      {
        "package": "DKCamera",
        "repositoryURL": "https://github.com/diti223/DKCamera.git",
        "state": {
          "branch": null,
          "revision": "bbd6f452fa7cc5593a5e8623d38213be37a8e068",
          "version": "1.7.1"
        }
      },
      {
        "package": "DKPhotoGallery",
        "repositoryURL": "https://github.com/diti223/DKPhotoGallery.git",
        "state": {
          "branch": null,
          "revision": "3b93b75bd59cd205ca8ba8a8e5dc4176070382ea",
          "version": "1.0.0"
        }
      },
      {
        "package": "SDWebImage",
        "repositoryURL": "https://github.com/SDWebImage/SDWebImage",
        "state": {
          "branch": null,
          "revision": "a6b6e44eadf0d39250c10a7cc0e3b91d0bdb0e94",
          "version": "5.10.4"
        }
      },
      {
        "package": "SwiftyGif",
        "repositoryURL": "https://github.com/kirualex/SwiftyGif.git",
        "state": {
          "branch": null,
          "revision": "0cd770feed5807d9fd4fa8df5ad74b56b814b0c8",
          "version": "5.4.0"
        }
      },
      {
        "package": "TOCropViewController",
        "repositoryURL": "https://github.com/TimOliver/TOCropViewController.git",
        "state": {
          "branch": null,
          "revision": "dad97167bf1be16aeecd109130900995dd01c515",
          "version": "2.6.0"
        }
      }
    ]
  },
  "version": 1
}
